// !$*UTF8*$!
{
	archiveVersion = 1;
	classes = {
	};
	objectVersion = 55;
	objects = {

/* Begin PBXBuildFile section */
		84DD21292951AF73002045F3 /* AppDelegate.swift in Sources */ = {isa = PBXBuildFile; fileRef = 84DD21282951AF73002045F3 /* AppDelegate.swift */; };
		84DD212B2951AF73002045F3 /* SceneDelegate.swift in Sources */ = {isa = PBXBuildFile; fileRef = 84DD212A2951AF73002045F3 /* SceneDelegate.swift */; };
		84DD212D2951AF73002045F3 /* FirstVC.swift in Sources */ = {isa = PBXBuildFile; fileRef = 84DD212C2951AF73002045F3 /* FirstVC.swift */; };
		84DD21302951AF73002045F3 /* Main.storyboard in Resources */ = {isa = PBXBuildFile; fileRef = 84DD212E2951AF73002045F3 /* Main.storyboard */; };
		84DD21322951AF74002045F3 /* Assets.xcassets in Resources */ = {isa = PBXBuildFile; fileRef = 84DD21312951AF74002045F3 /* Assets.xcassets */; };
		84DD21352951AF74002045F3 /* LaunchScreen.storyboard in Resources */ = {isa = PBXBuildFile; fileRef = 84DD21332951AF74002045F3 /* LaunchScreen.storyboard */; };
		84DD213D2951BBB5002045F3 /* SecondVC.swift in Sources */ = {isa = PBXBuildFile; fileRef = 84DD213C2951BBB5002045F3 /* SecondVC.swift */; };
		84FC14B32952AD9500B5A5FF /* customCVCell.swift in Sources */ = {isa = PBXBuildFile; fileRef = 84FC14B12952AD9500B5A5FF /* customCVCell.swift */; };
		84FC14B42952AD9500B5A5FF /* customCVCell.xib in Resources */ = {isa = PBXBuildFile; fileRef = 84FC14B22952AD9500B5A5FF /* customCVCell.xib */; };
		84FC14B62952AECC00B5A5FF /* Constants.swift in Sources */ = {isa = PBXBuildFile; fileRef = 84FC14B52952AECC00B5A5FF /* Constants.swift */; };
		84FC14B82952D63500B5A5FF /* ThirdVC.swift in Sources */ = {isa = PBXBuildFile; fileRef = 84FC14B72952D63500B5A5FF /* ThirdVC.swift */; };
		84FC14BA2952DDC200B5A5FF /* FourthVC.swift in Sources */ = {isa = PBXBuildFile; fileRef = 84FC14B92952DDC200B5A5FF /* FourthVC.swift */; };
/* End PBXBuildFile section */

/* Begin PBXFileReference section */
		84DD21252951AF73002045F3 /* Dec-20-FileManager.app */ = {isa = PBXFileReference; explicitFileType = wrapper.application; includeInIndex = 0; path = "Dec-20-FileManager.app"; sourceTree = BUILT_PRODUCTS_DIR; };
		84DD21282951AF73002045F3 /* AppDelegate.swift */ = {isa = PBXFileReference; lastKnownFileType = sourcecode.swift; path = AppDelegate.swift; sourceTree = "<group>"; };
		84DD212A2951AF73002045F3 /* SceneDelegate.swift */ = {isa = PBXFileReference; lastKnownFileType = sourcecode.swift; path = SceneDelegate.swift; sourceTree = "<group>"; };
		84DD212C2951AF73002045F3 /* FirstVC.swift */ = {isa = PBXFileReference; lastKnownFileType = sourcecode.swift; path = FirstVC.swift; sourceTree = "<group>"; };
		84DD212F2951AF73002045F3 /* Base */ = {isa = PBXFileReference; lastKnownFileType = file.storyboard; name = Base; path = Base.lproj/Main.storyboard; sourceTree = "<group>"; };
		84DD21312951AF74002045F3 /* Assets.xcassets */ = {isa = PBXFileReference; lastKnownFileType = folder.assetcatalog; path = Assets.xcassets; sourceTree = "<group>"; };
		84DD21342951AF74002045F3 /* Base */ = {isa = PBXFileReference; lastKnownFileType = file.storyboard; name = Base; path = Base.lproj/LaunchScreen.storyboard; sourceTree = "<group>"; };
		84DD21362951AF74002045F3 /* Info.plist */ = {isa = PBXFileReference; lastKnownFileType = text.plist.xml; path = Info.plist; sourceTree = "<group>"; };
		84DD213C2951BBB5002045F3 /* SecondVC.swift */ = {isa = PBXFileReference; lastKnownFileType = sourcecode.swift; path = SecondVC.swift; sourceTree = "<group>"; };
		84FC14B12952AD9500B5A5FF /* customCVCell.swift */ = {isa = PBXFileReference; lastKnownFileType = sourcecode.swift; path = customCVCell.swift; sourceTree = "<group>"; };
		84FC14B22952AD9500B5A5FF /* customCVCell.xib */ = {isa = PBXFileReference; lastKnownFileType = file.xib; path = customCVCell.xib; sourceTree = "<group>"; };
		84FC14B52952AECC00B5A5FF /* Constants.swift */ = {isa = PBXFileReference; lastKnownFileType = sourcecode.swift; path = Constants.swift; sourceTree = "<group>"; };
		84FC14B72952D63500B5A5FF /* ThirdVC.swift */ = {isa = PBXFileReference; lastKnownFileType = sourcecode.swift; path = ThirdVC.swift; sourceTree = "<group>"; };
		84FC14B92952DDC200B5A5FF /* FourthVC.swift */ = {isa = PBXFileReference; lastKnownFileType = sourcecode.swift; path = FourthVC.swift; sourceTree = "<group>"; };
/* End PBXFileReference section */

/* Begin PBXFrameworksBuildPhase section */
		84DD21222951AF73002045F3 /* Frameworks */ = {
			isa = PBXFrameworksBuildPhase;
			buildActionMask = 2147483647;
			files = (
			);
			runOnlyForDeploymentPostprocessing = 0;
		};
/* End PBXFrameworksBuildPhase section */

/* Begin PBXGroup section */
		84DD211C2951AF73002045F3 = {
			isa = PBXGroup;
			children = (
				84DD21272951AF73002045F3 /* Dec-20-FileManager */,
				84DD21262951AF73002045F3 /* Products */,
			);
			sourceTree = "<group>";
		};
		84DD21262951AF73002045F3 /* Products */ = {
			isa = PBXGroup;
			children = (
				84DD21252951AF73002045F3 /* Dec-20-FileManager.app */,
			);
			name = Products;
			sourceTree = "<group>";
		};
		84DD21272951AF73002045F3 /* Dec-20-FileManager */ = {
			isa = PBXGroup;
			children = (
				84DD21282951AF73002045F3 /* AppDelegate.swift */,
				84DD212A2951AF73002045F3 /* SceneDelegate.swift */,
				84DD212C2951AF73002045F3 /* FirstVC.swift */,
				84FC14B92952DDC200B5A5FF /* FourthVC.swift */,
				84FC14B52952AECC00B5A5FF /* Constants.swift */,
				84DD213C2951BBB5002045F3 /* SecondVC.swift */,
				84FC14B72952D63500B5A5FF /* ThirdVC.swift */,
				84FC14B12952AD9500B5A5FF /* customCVCell.swift */,
				84FC14B22952AD9500B5A5FF /* customCVCell.xib */,
				84DD212E2951AF73002045F3 /* Main.storyboard */,
				84DD21312951AF74002045F3 /* Assets.xcassets */,
				84DD21332951AF74002045F3 /* LaunchScreen.storyboard */,
				84DD21362951AF74002045F3 /* Info.plist */,
			);
			path = "Dec-20-FileManager";
			sourceTree = "<group>";
		};
/* End PBXGroup section */

/* Begin PBXNativeTarget section */
		84DD21242951AF73002045F3 /* Dec-20-FileManager */ = {
			isa = PBXNativeTarget;
			buildConfigurationList = 84DD21392951AF74002045F3 /* Build configuration list for PBXNativeTarget "Dec-20-FileManager" */;
			buildPhases = (
				84DD21212951AF73002045F3 /* Sources */,
				84DD21222951AF73002045F3 /* Frameworks */,
				84DD21232951AF73002045F3 /* Resources */,
			);
			buildRules = (
			);
			dependencies = (
			);
			name = "Dec-20-FileManager";
			productName = "Dec-20-FileManager";
			productReference = 84DD21252951AF73002045F3 /* Dec-20-FileManager.app */;
			productType = "com.apple.product-type.application";
		};
/* End PBXNativeTarget section */

/* Begin PBXProject section */
		84DD211D2951AF73002045F3 /* Project object */ = {
			isa = PBXProject;
			attributes = {
				BuildIndependentTargetsInParallel = 1;
				LastSwiftUpdateCheck = 1340;
				LastUpgradeCheck = 1340;
				TargetAttributes = {
					84DD21242951AF73002045F3 = {
						CreatedOnToolsVersion = 13.4;
					};
				};
			};
			buildConfigurationList = 84DD21202951AF73002045F3 /* Build configuration list for PBXProject "Dec-20-FileManager" */;
			compatibilityVersion = "Xcode 13.0";
			developmentRegion = en;
			hasScannedForEncodings = 0;
			knownRegions = (
				en,
				Base,
			);
			mainGroup = 84DD211C2951AF73002045F3;
			productRefGroup = 84DD21262951AF73002045F3 /* Products */;
			projectDirPath = "";
			projectRoot = "";
			targets = (
				84DD21242951AF73002045F3 /* Dec-20-FileManager */,
			);
		};
/* End PBXProject section */

/* Begin PBXResourcesBuildPhase section */
		84DD21232951AF73002045F3 /* Resources */ = {
			isa = PBXResourcesBuildPhase;
			buildActionMask = 2147483647;
			files = (
				84DD21352951AF74002045F3 /* LaunchScreen.storyboard in Resources */,
				84FC14B42952AD9500B5A5FF /* customCVCell.xib in Resources */,
				84DD21322951AF74002045F3 /* Assets.xcassets in Resources */,
				84DD21302951AF73002045F3 /* Main.storyboard in Resources */,
			);
			runOnlyForDeploymentPostprocessing = 0;
		};
/* End PBXResourcesBuildPhase section */

/* Begin PBXSourcesBuildPhase section */
		84DD21212951AF73002045F3 /* Sources */ = {
			isa = PBXSourcesBuildPhase;
			buildActionMask = 2147483647;
			files = (
				84DD212D2951AF73002045F3 /* FirstVC.swift in Sources */,
				84DD21292951AF73002045F3 /* AppDelegate.swift in Sources */,
				84FC14BA2952DDC200B5A5FF /* FourthVC.swift in Sources */,
				84FC14B32952AD9500B5A5FF /* customCVCell.swift in Sources */,
				84FC14B82952D63500B5A5FF /* ThirdVC.swift in Sources */,
				84DD213D2951BBB5002045F3 /* SecondVC.swift in Sources */,
				84DD212B2951AF73002045F3 /* SceneDelegate.swift in Sources */,
				84FC14B62952AECC00B5A5FF /* Constants.swift in Sources */,
			);
			runOnlyForDeploymentPostprocessing = 0;
		};
/* End PBXSourcesBuildPhase section */

/* Begin PBXVariantGroup section */
		84DD212E2951AF73002045F3 /* Main.storyboard */ = {
			isa = PBXVariantGroup;
			children = (
				84DD212F2951AF73002045F3 /* Base */,
			);
			name = Main.storyboard;
			sourceTree = "<group>";
		};
		84DD21332951AF74002045F3 /* LaunchScreen.storyboard */ = {
			isa = PBXVariantGroup;
			children = (
				84DD21342951AF74002045F3 /* Base */,
			);
			name = LaunchScreen.storyboard;
			sourceTree = "<group>";
		};
/* End PBXVariantGroup section */

/* Begin XCBuildConfiguration section */
		84DD21372951AF74002045F3 /* Debug */ = {
			isa = XCBuildConfiguration;
			buildSettings = {
				ALWAYS_SEARCH_USER_PATHS = NO;
				CLANG_ANALYZER_NONNULL = YES;
				CLANG_ANALYZER_NUMBER_OBJECT_CONVERSION = YES_AGGRESSIVE;
				CLANG_CXX_LANGUAGE_STANDARD = "gnu++17";
				CLANG_ENABLE_MODULES = YES;
				CLANG_ENABLE_OBJC_ARC = YES;
				CLANG_ENABLE_OBJC_WEAK = YES;
				CLANG_WARN_BLOCK_CAPTURE_AUTORELEASING = YES;
				CLANG_WARN_BOOL_CONVERSION = YES;
				CLANG_WARN_COMMA = YES;
				CLANG_WARN_CONSTANT_CONVERSION = YES;
				CLANG_WARN_DEPRECATED_OBJC_IMPLEMENTATIONS = YES;
				CLANG_WARN_DIRECT_OBJC_ISA_USAGE = YES_ERROR;
				CLANG_WARN_DOCUMENTATION_COMMENTS = YES;
				CLANG_WARN_EMPTY_BODY = YES;
				CLANG_WARN_ENUM_CONVERSION = YES;
				CLANG_WARN_INFINITE_RECURSION = YES;
				CLANG_WARN_INT_CONVERSION = YES;
				CLANG_WARN_NON_LITERAL_NULL_CONVERSION = YES;
				CLANG_WARN_OBJC_IMPLICIT_RETAIN_SELF = YES;
				CLANG_WARN_OBJC_LITERAL_CONVERSION = YES;
				CLANG_WARN_OBJC_ROOT_CLASS = YES_ERROR;
				CLANG_WARN_QUOTED_INCLUDE_IN_FRAMEWORK_HEADER = YES;
				CLANG_WARN_RANGE_LOOP_ANALYSIS = YES;
				CLANG_WARN_STRICT_PROTOTYPES = YES;
				CLANG_WARN_SUSPICIOUS_MOVE = YES;
				CLANG_WARN_UNGUARDED_AVAILABILITY = YES_AGGRESSIVE;
				CLANG_WARN_UNREACHABLE_CODE = YES;
				CLANG_WARN__DUPLICATE_METHOD_MATCH = YES;
				COPY_PHASE_STRIP = NO;
				DEBUG_INFORMATION_FORMAT = dwarf;
				ENABLE_STRICT_OBJC_MSGSEND = YES;
				ENABLE_TESTABILITY = YES;
				GCC_C_LANGUAGE_STANDARD = gnu11;
				GCC_DYNAMIC_NO_PIC = NO;
				GCC_NO_COMMON_BLOCKS = YES;
				GCC_OPTIMIZATION_LEVEL = 0;
				GCC_PREPROCESSOR_DEFINITIONS = (
					"DEBUG=1",
					"$(inherited)",
				);
				GCC_WARN_64_TO_32_BIT_CONVERSION = YES;
				GCC_WARN_ABOUT_RETURN_TYPE = YES_ERROR;
				GCC_WARN_UNDECLARED_SELECTOR = YES;
				GCC_WARN_UNINITIALIZED_AUTOS = YES_AGGRESSIVE;
				GCC_WARN_UNUSED_FUNCTION = YES;
				GCC_WARN_UNUSED_VARIABLE = YES;
				IPHONEOS_DEPLOYMENT_TARGET = 15.5;
				MTL_ENABLE_DEBUG_INFO = INCLUDE_SOURCE;
				MTL_FAST_MATH = YES;
				ONLY_ACTIVE_ARCH = YES;
				SDKROOT = iphoneos;
				SWIFT_ACTIVE_COMPILATION_CONDITIONS = DEBUG;
				SWIFT_OPTIMIZATION_LEVEL = "-Onone";
			};
			name = Debug;
		};
		84DD21382951AF74002045F3 /* Release */ = {
			isa = XCBuildConfiguration;
			buildSettings = {
				ALWAYS_SEARCH_USER_PATHS = NO;
				CLANG_ANALYZER_NONNULL = YES;
				CLANG_ANALYZER_NUMBER_OBJECT_CONVERSION = YES_AGGRESSIVE;
				CLANG_CXX_LANGUAGE_STANDARD = "gnu++17";
				CLANG_ENABLE_MODULES = YES;
				CLANG_ENABLE_OBJC_ARC = YES;
				CLANG_ENABLE_OBJC_WEAK = YES;
				CLANG_WARN_BLOCK_CAPTURE_AUTORELEASING = YES;
				CLANG_WARN_BOOL_CONVERSION = YES;
				CLANG_WARN_COMMA = YES;
				CLANG_WARN_CONSTANT_CONVERSION = YES;
				CLANG_WARN_DEPRECATED_OBJC_IMPLEMENTATIONS = YES;
				CLANG_WARN_DIRECT_OBJC_ISA_USAGE = YES_ERROR;
				CLANG_WARN_DOCUMENTATION_COMMENTS = YES;
				CLANG_WARN_EMPTY_BODY = YES;
				CLANG_WARN_ENUM_CONVERSION = YES;
				CLANG_WARN_INFINITE_RECURSION = YES;
				CLANG_WARN_INT_CONVERSION = YES;
				CLANG_WARN_NON_LITERAL_NULL_CONVERSION = YES;
				CLANG_WARN_OBJC_IMPLICIT_RETAIN_SELF = YES;
				CLANG_WARN_OBJC_LITERAL_CONVERSION = YES;
				CLANG_WARN_OBJC_ROOT_CLASS = YES_ERROR;
				CLANG_WARN_QUOTED_INCLUDE_IN_FRAMEWORK_HEADER = YES;
				CLANG_WARN_RANGE_LOOP_ANALYSIS = YES;
				CLANG_WARN_STRICT_PROTOTYPES = YES;
				CLANG_WARN_SUSPICIOUS_MOVE = YES;
				CLANG_WARN_UNGUARDED_AVAILABILITY = YES_AGGRESSIVE;
				CLANG_WARN_UNREACHABLE_CODE = YES;
				CLANG_WARN__DUPLICATE_METHOD_MATCH = YES;
				COPY_PHASE_STRIP = NO;
				DEBUG_INFORMATION_FORMAT = "dwarf-with-dsym";
				ENABLE_NS_ASSERTIONS = NO;
				ENABLE_STRICT_OBJC_MSGSEND = YES;
				GCC_C_LANGUAGE_STANDARD = gnu11;
				GCC_NO_COMMON_BLOCKS = YES;
				GCC_WARN_64_TO_32_BIT_CONVERSION = YES;
				GCC_WARN_ABOUT_RETURN_TYPE = YES_ERROR;
				GCC_WARN_UNDECLARED_SELECTOR = YES;
				GCC_WARN_UNINITIALIZED_AUTOS = YES_AGGRESSIVE;
				GCC_WARN_UNUSED_FUNCTION = YES;
				GCC_WARN_UNUSED_VARIABLE = YES;
				IPHONEOS_DEPLOYMENT_TARGET = 15.5;
				MTL_ENABLE_DEBUG_INFO = NO;
				MTL_FAST_MATH = YES;
				SDKROOT = iphoneos;
				SWIFT_COMPILATION_MODE = wholemodule;
				SWIFT_OPTIMIZATION_LEVEL = "-O";
				VALIDATE_PRODUCT = YES;
			};
			name = Release;
		};
		84DD213A2951AF74002045F3 /* Debug */ = {
			isa = XCBuildConfiguration;
			buildSettings = {
				ASSETCATALOG_COMPILER_APPICON_NAME = AppIcon;
				ASSETCATALOG_COMPILER_GLOBAL_ACCENT_COLOR_NAME = AccentColor;
				CODE_SIGN_STYLE = Automatic;
				CURRENT_PROJECT_VERSION = 1;
				GENERATE_INFOPLIST_FILE = YES;
				INFOPLIST_FILE = "Dec-20-FileManager/Info.plist";
				INFOPLIST_KEY_UIApplicationSupportsIndirectInputEvents = YES;
				INFOPLIST_KEY_UILaunchStoryboardName = LaunchScreen;
				INFOPLIST_KEY_UIMainStoryboardFile = Main;
				INFOPLIST_KEY_UISupportedInterfaceOrientations_iPad = "UIInterfaceOrientationPortrait UIInterfaceOrientationPortraitUpsideDown UIInterfaceOrientationLandscapeLeft UIInterfaceOrientationLandscapeRight";
				INFOPLIST_KEY_UISupportedInterfaceOrientations_iPhone = "UIInterfaceOrientationPortrait UIInterfaceOrientationLandscapeLeft UIInterfaceOrientationLandscapeRight";
				LD_RUNPATH_SEARCH_PATHS = (
					"$(inherited)",
					"@executable_path/Frameworks",
				);
				MARKETING_VERSION = 1.0;
				PRODUCT_BUNDLE_IDENTIFIER = "com.new.Demo.Dec-20-FileManager";
				PRODUCT_NAME = "$(TARGET_NAME)";
				SWIFT_EMIT_LOC_STRINGS = YES;
				SWIFT_VERSION = 5.0;
				TARGETED_DEVICE_FAMILY = "1,2";
			};
			name = Debug;
		};
		84DD213B2951AF74002045F3 /* Release */ = {
			isa = XCBuildConfiguration;
			buildSettings = {
				ASSETCATALOG_COMPILER_APPICON_NAME = AppIcon;
				ASSETCATALOG_COMPILER_GLOBAL_ACCENT_COLOR_NAME = AccentColor;
				CODE_SIGN_STYLE = Automatic;
				CURRENT_PROJECT_VERSION = 1;
				GENERATE_INFOPLIST_FILE = YES;
				INFOPLIST_FILE = "Dec-20-FileManager/Info.plist";
				INFOPLIST_KEY_UIApplicationSupportsIndirectInputEvents = YES;
				INFOPLIST_KEY_UILaunchStoryboardName = LaunchScreen;
				INFOPLIST_KEY_UIMainStoryboardFile = Main;
				INFOPLIST_KEY_UISupportedInterfaceOrientations_iPad = "UIInterfaceOrientationPortrait UIInterfaceOrientationPortraitUpsideDown UIInterfaceOrientationLandscapeLeft UIInterfaceOrientationLandscapeRight";
				INFOPLIST_KEY_UISupportedInterfaceOrientations_iPhone = "UIInterfaceOrientationPortrait UIInterfaceOrientationLandscapeLeft UIInterfaceOrientationLandscapeRight";
				LD_RUNPATH_SEARCH_PATHS = (
					"$(inherited)",
					"@executable_path/Frameworks",
				);
				MARKETING_VERSION = 1.0;
				PRODUCT_BUNDLE_IDENTIFIER = "com.new.Demo.Dec-20-FileManager";
				PRODUCT_NAME = "$(TARGET_NAME)";
				SWIFT_EMIT_LOC_STRINGS = YES;
				SWIFT_VERSION = 5.0;
				TARGETED_DEVICE_FAMILY = "1,2";
			};
			name = Release;
		};
/* End XCBuildConfiguration section */

/* Begin XCConfigurationList section */
		84DD21202951AF73002045F3 /* Build configuration list for PBXProject "Dec-20-FileManager" */ = {
			isa = XCConfigurationList;
			buildConfigurations = (
				84DD21372951AF74002045F3 /* Debug */,
				84DD21382951AF74002045F3 /* Release */,
			);
			defaultConfigurationIsVisible = 0;
			defaultConfigurationName = Release;
		};
		84DD21392951AF74002045F3 /* Build configuration list for PBXNativeTarget "Dec-20-FileManager" */ = {
			isa = XCConfigurationList;
			buildConfigurations = (
				84DD213A2951AF74002045F3 /* Debug */,
				84DD213B2951AF74002045F3 /* Release */,
			);
			defaultConfigurationIsVisible = 0;
			defaultConfigurationName = Release;
		};
/* End XCConfigurationList section */
	};
	rootObject = 84DD211D2951AF73002045F3 /* Project object */;
}
